
Microsoft Visual Studio Solution File, Format Version 12.00
# Visual Studio 2012
Project("{8BC9CEB8-8B4A-11D0-8D11-00A0C91BC942}") = "aliasing_fisheye8", "aliasing_fisheye8\aliasing_fisheye8.vcxproj", "{0A150955-5F21-4565-AF3B-B598474C8A61}"
EndProject
Global
	GlobalSection(SolutionConfigurationPlatforms) = preSolution
		Debug|Win32 = Debug|Win32
		Release|Win32 = Release|Win32
	EndGlobalSection
	GlobalSection(ProjectConfigurationPlatforms) = postSolution
		{0A150955-5F21-4565-AF3B-B598474C8A61}.Debug|Win32.ActiveCfg = Debug|Win32
		{0A150955-5F21-4565-AF3B-B598474C8A61}.Debug|Win32.Build.0 = Debug|Win32
		{0A150955-5F21-4565-AF3B-B598474C8A61}.Release|Win32.ActiveCfg = Release|Win32
		{0A150955-5F21-4565-AF3B-B598474C8A61}.Release|Win32.Build.0 = Release|Win32
	EndGlobalSection
	GlobalSection(SolutionProperties) = preSolution
		HideSolutionNode = FALSE
	EndGlobalSection
EndGlobal
